
Microsoft Visual Studio Solution File, Format Version 12.00
# Visual Studio 15
VisualStudioVersion = 15.0.28307.1267
MinimumVisualStudioVersion = 10.0.40219.1
Project("{FAE04EC0-301F-11D3-BF4B-00C04F79EFBC}") = "DpimApi_MA", "DpimProject\DpimApi_MA.csproj", "{8D309061-CFDE-49CE-AFE0-F9F71BBF5C73}"
EndProject
Global
	GlobalSection(SolutionConfigurationPlatforms) = preSolution
		Debug|Any CPU = Debug|Any CPU
		Release|Any CPU = Release|Any CPU
	EndGlobalSection
	GlobalSection(ProjectConfigurationPlatforms) = postSolution
		{8D309061-CFDE-49CE-AFE0-F9F71BBF5C73}.Debug|Any CPU.ActiveCfg = Debug|Any CPU
		{8D309061-CFDE-49CE-AFE0-F9F71BBF5C73}.Debug|Any CPU.Build.0 = Debug|Any CPU
		{8D309061-CFDE-49CE-AFE0-F9F71BBF5C73}.Release|Any CPU.ActiveCfg = Release|Any CPU
		{8D309061-CFDE-49CE-AFE0-F9F71BBF5C73}.Release|Any CPU.Build.0 = Release|Any CPU
	EndGlobalSection
	GlobalSection(SolutionProperties) = preSolution
		HideSolutionNode = FALSE
	EndGlobalSection
	GlobalSection(ExtensibilityGlobals) = postSolution
		SolutionGuid = {95402AFB-213F-4689-837A-82C3FAE93E47}
	EndGlobalSection
	GlobalSection(TeamFoundationVersionControl) = preSolution
		SccNumberOfProjects = 2
		SccEnterpriseProvider = {4CA58AB2-18FA-4F8D-95D4-32DDF27D184C}
		SccTeamFoundationServer = http://dpimacademy-apis.dpim.go.th:8080/tfs/defaultcollection
		SccLocalPath0 = .
		SccProjectUniqueName1 = DpimProject\\DpimApi_MA.csproj
		SccProjectName1 = DpimProject
		SccLocalPath1 = DpimProject
	EndGlobalSection
EndGlobal
